
Microsoft Visual Studio Solution File, Format Version 12.00
# Visual Studio Version 16
VisualStudioVersion = 16.0.31702.278
MinimumVisualStudioVersion = 10.0.40219.1
Project("{9A19103F-16F7-4668-BE54-9A1E7A4F7556}") = "SouthernCrossPublicAPI", "SouthernCrossPublicAPI\SouthernCrossPublicAPI.csproj", "{742828F6-1DD4-43E3-9313-2307DB665D18}"
EndProject
Project("{FAE04EC0-301F-11D3-BF4B-00C04F79EFBC}") = "APITestProject", "APITestProject\APITestProject.csproj", "{79217014-2B5D-46C0-8EC1-8AE4B7F3075B}"
EndProject
Global
	GlobalSection(SolutionConfigurationPlatforms) = preSolution
		Debug|Any CPU = Debug|Any CPU
		Release|Any CPU = Release|Any CPU
	EndGlobalSection
	GlobalSection(ProjectConfigurationPlatforms) = postSolution
		{742828F6-1DD4-43E3-9313-2307DB665D18}.Debug|Any CPU.ActiveCfg = Debug|Any CPU
		{742828F6-1DD4-43E3-9313-2307DB665D18}.Debug|Any CPU.Build.0 = Debug|Any CPU
		{742828F6-1DD4-43E3-9313-2307DB665D18}.Release|Any CPU.ActiveCfg = Release|Any CPU
		{742828F6-1DD4-43E3-9313-2307DB665D18}.Release|Any CPU.Build.0 = Release|Any CPU
		{79217014-2B5D-46C0-8EC1-8AE4B7F3075B}.Debug|Any CPU.ActiveCfg = Debug|Any CPU
		{79217014-2B5D-46C0-8EC1-8AE4B7F3075B}.Debug|Any CPU.Build.0 = Debug|Any CPU
		{79217014-2B5D-46C0-8EC1-8AE4B7F3075B}.Release|Any CPU.ActiveCfg = Release|Any CPU
		{79217014-2B5D-46C0-8EC1-8AE4B7F3075B}.Release|Any CPU.Build.0 = Release|Any CPU
	EndGlobalSection
	GlobalSection(SolutionProperties) = preSolution
		HideSolutionNode = FALSE
	EndGlobalSection
	GlobalSection(ExtensibilityGlobals) = postSolution
		SolutionGuid = {4131BF20-29FB-45C4-B050-69AE2CB368E5}
	EndGlobalSection
EndGlobal
